
Microsoft Visual Studio Solution File, Format Version 12.00
# Visual Studio Version 17
VisualStudioVersion = 17.4.33213.308
MinimumVisualStudioVersion = 10.0.40219.1
Project("{9A19103F-16F7-4668-BE54-9A1E7A4F7556}") = "Regular Task Creator.Specs", "Regular Task Creator.Specs\Regular Task Creator.Specs.csproj", "{849EE5F7-6EBC-43B1-A1D7-5E394EFC2021}"
EndProject
Project("{9A19103F-16F7-4668-BE54-9A1E7A4F7556}") = "Regular Task Creator", "Regular Task Creator\Regular Task Creator.csproj", "{E51D13EB-81E2-4D0C-8DFD-4D9307FFFB8E}"
EndProject
Global
	GlobalSection(SolutionConfigurationPlatforms) = preSolution
		Debug|Any CPU = Debug|Any CPU
		Release|Any CPU = Release|Any CPU
	EndGlobalSection
	GlobalSection(ProjectConfigurationPlatforms) = postSolution
		{849EE5F7-6EBC-43B1-A1D7-5E394EFC2021}.Debug|Any CPU.ActiveCfg = Debug|Any CPU
		{849EE5F7-6EBC-43B1-A1D7-5E394EFC2021}.Debug|Any CPU.Build.0 = Debug|Any CPU
		{849EE5F7-6EBC-43B1-A1D7-5E394EFC2021}.Release|Any CPU.ActiveCfg = Release|Any CPU
		{849EE5F7-6EBC-43B1-A1D7-5E394EFC2021}.Release|Any CPU.Build.0 = Release|Any CPU
		{E51D13EB-81E2-4D0C-8DFD-4D9307FFFB8E}.Debug|Any CPU.ActiveCfg = Debug|Any CPU
		{E51D13EB-81E2-4D0C-8DFD-4D9307FFFB8E}.Debug|Any CPU.Build.0 = Debug|Any CPU
		{E51D13EB-81E2-4D0C-8DFD-4D9307FFFB8E}.Release|Any CPU.ActiveCfg = Release|Any CPU
		{E51D13EB-81E2-4D0C-8DFD-4D9307FFFB8E}.Release|Any CPU.Build.0 = Release|Any CPU
	EndGlobalSection
	GlobalSection(SolutionProperties) = preSolution
		HideSolutionNode = FALSE
	EndGlobalSection
	GlobalSection(ExtensibilityGlobals) = postSolution
		SolutionGuid = {953B7EB6-119E-4299-B4A3-E2662E18A0E2}
	EndGlobalSection
EndGlobal
